
Microsoft Visual Studio Solution File, Format Version 12.00
# Visual Studio Version 16
VisualStudioVersion = 16.0.31729.503
MinimumVisualStudioVersion = 10.0.40219.1
Project("{9A19103F-16F7-4668-BE54-9A1E7A4F7556}") = "1. Furniture", "1. Furniture\1. Furniture.csproj", "{3B58777E-7872-489D-BE9F-65443A531934}"
EndProject
Project("{9A19103F-16F7-4668-BE54-9A1E7A4F7556}") = "2. Race", "2. Race\2. Race.csproj", "{2D3EAE18-AC2F-42A2-9268-6661B0CD8BEC}"
EndProject
Project("{FAE04EC0-301F-11D3-BF4B-00C04F79EFBC}") = "3. SoftUni Bar Income", "3. SoftUni Bar Income\3. SoftUni Bar Income.csproj", "{7FFA5DC3-3433-49ED-8E9D-F3DBDE704096}"
EndProject
Project("{FAE04EC0-301F-11D3-BF4B-00C04F79EFBC}") = "4. Extract Emails", "4. Extract Emails\4. Extract Emails.csproj", "{1F0795BB-4C2B-48D0-8010-17010D2CA752}"
EndProject
Global
	GlobalSection(SolutionConfigurationPlatforms) = preSolution
		Debug|Any CPU = Debug|Any CPU
		Release|Any CPU = Release|Any CPU
	EndGlobalSection
	GlobalSection(ProjectConfigurationPlatforms) = postSolution
		{3B58777E-7872-489D-BE9F-65443A531934}.Debug|Any CPU.ActiveCfg = Debug|Any CPU
		{3B58777E-7872-489D-BE9F-65443A531934}.Debug|Any CPU.Build.0 = Debug|Any CPU
		{3B58777E-7872-489D-BE9F-65443A531934}.Release|Any CPU.ActiveCfg = Release|Any CPU
		{3B58777E-7872-489D-BE9F-65443A531934}.Release|Any CPU.Build.0 = Release|Any CPU
		{2D3EAE18-AC2F-42A2-9268-6661B0CD8BEC}.Debug|Any CPU.ActiveCfg = Debug|Any CPU
		{2D3EAE18-AC2F-42A2-9268-6661B0CD8BEC}.Debug|Any CPU.Build.0 = Debug|Any CPU
		{2D3EAE18-AC2F-42A2-9268-6661B0CD8BEC}.Release|Any CPU.ActiveCfg = Release|Any CPU
		{2D3EAE18-AC2F-42A2-9268-6661B0CD8BEC}.Release|Any CPU.Build.0 = Release|Any CPU
		{7FFA5DC3-3433-49ED-8E9D-F3DBDE704096}.Debug|Any CPU.ActiveCfg = Debug|Any CPU
		{7FFA5DC3-3433-49ED-8E9D-F3DBDE704096}.Debug|Any CPU.Build.0 = Debug|Any CPU
		{7FFA5DC3-3433-49ED-8E9D-F3DBDE704096}.Release|Any CPU.ActiveCfg = Release|Any CPU
		{7FFA5DC3-3433-49ED-8E9D-F3DBDE704096}.Release|Any CPU.Build.0 = Release|Any CPU
		{1F0795BB-4C2B-48D0-8010-17010D2CA752}.Debug|Any CPU.ActiveCfg = Debug|Any CPU
		{1F0795BB-4C2B-48D0-8010-17010D2CA752}.Debug|Any CPU.Build.0 = Debug|Any CPU
		{1F0795BB-4C2B-48D0-8010-17010D2CA752}.Release|Any CPU.ActiveCfg = Release|Any CPU
		{1F0795BB-4C2B-48D0-8010-17010D2CA752}.Release|Any CPU.Build.0 = Release|Any CPU
	EndGlobalSection
	GlobalSection(SolutionProperties) = preSolution
		HideSolutionNode = FALSE
	EndGlobalSection
	GlobalSection(ExtensibilityGlobals) = postSolution
		SolutionGuid = {9300F53C-87C5-4B9C-9727-A73E4377161C}
	EndGlobalSection
EndGlobal
