
Microsoft Visual Studio Solution File, Format Version 12.00
# Visual Studio Version 17
VisualStudioVersion = 17.3.32901.215
MinimumVisualStudioVersion = 10.0.40219.1
Project("{FAE04EC0-301F-11D3-BF4B-00C04F79EFBC}") = "CX", "CX\CX.csproj", "{E9FAAEA2-779F-4D83-8EA2-CDC95DF71DEE}"
EndProject
Global
	GlobalSection(SolutionConfigurationPlatforms) = preSolution
		Debug|Any CPU = Debug|Any CPU
		Release|Any CPU = Release|Any CPU
	EndGlobalSection
	GlobalSection(ProjectConfigurationPlatforms) = postSolution
		{E9FAAEA2-779F-4D83-8EA2-CDC95DF71DEE}.Debug|Any CPU.ActiveCfg = Debug|Any CPU
		{E9FAAEA2-779F-4D83-8EA2-CDC95DF71DEE}.Debug|Any CPU.Build.0 = Debug|Any CPU
		{E9FAAEA2-779F-4D83-8EA2-CDC95DF71DEE}.Release|Any CPU.ActiveCfg = Release|Any CPU
		{E9FAAEA2-779F-4D83-8EA2-CDC95DF71DEE}.Release|Any CPU.Build.0 = Release|Any CPU
	EndGlobalSection
	GlobalSection(SolutionProperties) = preSolution
		HideSolutionNode = FALSE
	EndGlobalSection
	GlobalSection(ExtensibilityGlobals) = postSolution
		SolutionGuid = {B323B031-91FD-4EC8-9C44-232C086B51B2}
	EndGlobalSection
EndGlobal
