
Microsoft Visual Studio Solution File, Format Version 12.00
# Visual Studio Version 16
VisualStudioVersion = 16.0.31729.503
MinimumVisualStudioVersion = 10.0.40219.1
Project("{FAE04EC0-301F-11D3-BF4B-00C04F79EFBC}") = "01. Burger Bus", "01. Burger Bus\01. Burger Bus.csproj", "{36A2F837-CDD3-4AD6-90AF-5FA1EC6FCBC6}"
EndProject
Project("{FAE04EC0-301F-11D3-BF4B-00C04F79EFBC}") = "02. Tax Calculator", "02. Tax Calculator\02. Tax Calculator.csproj", "{34966DC7-56F5-461E-A295-DEB0EA3E2BFF}"
EndProject
Project("{FAE04EC0-301F-11D3-BF4B-00C04F79EFBC}") = "03. Chat Logger", "03. Chat Logger\03. Chat Logger.csproj", "{875A9CA8-523A-4B80-8A3E-37FB3AF58153}"
EndProject
Global
	GlobalSection(SolutionConfigurationPlatforms) = preSolution
		Debug|Any CPU = Debug|Any CPU
		Release|Any CPU = Release|Any CPU
	EndGlobalSection
	GlobalSection(ProjectConfigurationPlatforms) = postSolution
		{36A2F837-CDD3-4AD6-90AF-5FA1EC6FCBC6}.Debug|Any CPU.ActiveCfg = Debug|Any CPU
		{36A2F837-CDD3-4AD6-90AF-5FA1EC6FCBC6}.Debug|Any CPU.Build.0 = Debug|Any CPU
		{36A2F837-CDD3-4AD6-90AF-5FA1EC6FCBC6}.Release|Any CPU.ActiveCfg = Release|Any CPU
		{36A2F837-CDD3-4AD6-90AF-5FA1EC6FCBC6}.Release|Any CPU.Build.0 = Release|Any CPU
		{34966DC7-56F5-461E-A295-DEB0EA3E2BFF}.Debug|Any CPU.ActiveCfg = Debug|Any CPU
		{34966DC7-56F5-461E-A295-DEB0EA3E2BFF}.Debug|Any CPU.Build.0 = Debug|Any CPU
		{34966DC7-56F5-461E-A295-DEB0EA3E2BFF}.Release|Any CPU.ActiveCfg = Release|Any CPU
		{34966DC7-56F5-461E-A295-DEB0EA3E2BFF}.Release|Any CPU.Build.0 = Release|Any CPU
		{875A9CA8-523A-4B80-8A3E-37FB3AF58153}.Debug|Any CPU.ActiveCfg = Debug|Any CPU
		{875A9CA8-523A-4B80-8A3E-37FB3AF58153}.Debug|Any CPU.Build.0 = Debug|Any CPU
		{875A9CA8-523A-4B80-8A3E-37FB3AF58153}.Release|Any CPU.ActiveCfg = Release|Any CPU
		{875A9CA8-523A-4B80-8A3E-37FB3AF58153}.Release|Any CPU.Build.0 = Release|Any CPU
	EndGlobalSection
	GlobalSection(SolutionProperties) = preSolution
		HideSolutionNode = FALSE
	EndGlobalSection
	GlobalSection(ExtensibilityGlobals) = postSolution
		SolutionGuid = {6F5AA513-8E3D-44CF-B3D3-06B794F56637}
	EndGlobalSection
EndGlobal
